
Microsoft Visual Studio Solution File, Format Version 12.00
Project("{FAE04EC0-301F-11D3-BF4B-00C04F79EFBC}") = "coding-problems", "coding-problems\coding-problems.csproj", "{DF4ADBD8-6ABC-40C2-BDBB-BD87F676221C}"
EndProject
Global
	GlobalSection(SolutionConfigurationPlatforms) = preSolution
		Debug|Any CPU = Debug|Any CPU
		Release|Any CPU = Release|Any CPU
	EndGlobalSection
	GlobalSection(ProjectConfigurationPlatforms) = postSolution
		{DF4ADBD8-6ABC-40C2-BDBB-BD87F676221C}.Debug|Any CPU.ActiveCfg = Debug|Any CPU
		{DF4ADBD8-6ABC-40C2-BDBB-BD87F676221C}.Debug|Any CPU.Build.0 = Debug|Any CPU
		{DF4ADBD8-6ABC-40C2-BDBB-BD87F676221C}.Release|Any CPU.ActiveCfg = Release|Any CPU
		{DF4ADBD8-6ABC-40C2-BDBB-BD87F676221C}.Release|Any CPU.Build.0 = Release|Any CPU
	EndGlobalSection
EndGlobal
